
Microsoft Visual Studio Solution File, Format Version 12.00
Project("{FAE04EC0-301F-11D3-BF4B-00C04F79EFBC}") = "Lab_4", "Lab_4\Lab_4.csproj", "{D650147F-B122-444F-A762-6ECFECBFCD10}"
EndProject
Global
	GlobalSection(SolutionConfigurationPlatforms) = preSolution
		Debug|Any CPU = Debug|Any CPU
		Release|Any CPU = Release|Any CPU
	EndGlobalSection
	GlobalSection(ProjectConfigurationPlatforms) = postSolution
		{D650147F-B122-444F-A762-6ECFECBFCD10}.Debug|Any CPU.ActiveCfg = Debug|Any CPU
		{D650147F-B122-444F-A762-6ECFECBFCD10}.Debug|Any CPU.Build.0 = Debug|Any CPU
		{D650147F-B122-444F-A762-6ECFECBFCD10}.Release|Any CPU.ActiveCfg = Release|Any CPU
		{D650147F-B122-444F-A762-6ECFECBFCD10}.Release|Any CPU.Build.0 = Release|Any CPU
	EndGlobalSection
EndGlobal
